
Microsoft Visual Studio Solution File, Format Version 12.00
# Visual Studio 2012
Project("{FAE04EC0-301F-11D3-BF4B-00C04F79EFBC}") = "WS.Mobile.WorkOrders", "WS.Mobile.WorkOrders\WS.Mobile.WorkOrders.csproj", "{5C35433A-1841-4F01-9C98-99061A50CD81}"
EndProject
Global
	GlobalSection(SolutionConfigurationPlatforms) = preSolution
		1. Debug|Any CPU = 1. Debug|Any CPU
		2. Testing|Any CPU = 2. Testing|Any CPU
		3. Production|Any CPU = 3. Production|Any CPU
	EndGlobalSection
	GlobalSection(ProjectConfigurationPlatforms) = postSolution
		{5C35433A-1841-4F01-9C98-99061A50CD81}.1. Debug|Any CPU.ActiveCfg = Debug|Any CPU
		{5C35433A-1841-4F01-9C98-99061A50CD81}.1. Debug|Any CPU.Build.0 = Debug|Any CPU
		{5C35433A-1841-4F01-9C98-99061A50CD81}.1. Debug|Any CPU.Deploy.0 = Debug|Any CPU
		{5C35433A-1841-4F01-9C98-99061A50CD81}.2. Testing|Any CPU.ActiveCfg = Testing|Any CPU
		{5C35433A-1841-4F01-9C98-99061A50CD81}.2. Testing|Any CPU.Build.0 = Testing|Any CPU
		{5C35433A-1841-4F01-9C98-99061A50CD81}.3. Production|Any CPU.ActiveCfg = Production|Any CPU
		{5C35433A-1841-4F01-9C98-99061A50CD81}.3. Production|Any CPU.Build.0 = Production|Any CPU
	EndGlobalSection
	GlobalSection(SolutionProperties) = preSolution
		HideSolutionNode = FALSE
	EndGlobalSection
	GlobalSection(MonoDevelopProperties) = preSolution
		StartupItem = WS.Mobile.WorkOrders\WS.Mobile.WorkOrders.csproj
	EndGlobalSection
EndGlobal
