
Microsoft Visual Studio Solution File, Format Version 12.00
# Visual Studio 2012
Project("{FAE04EC0-301F-11D3-BF4B-00C04F79EFBC}") = "WS.Framework", "WS.Framework\WS.Framework.csproj", "{8302D74B-6041-47CA-AF5C-7C74CCCC7683}"
EndProject
Project("{2150E333-8FDC-42A3-9474-1A3956D46DE8}") = ".nuget", ".nuget", "{C3D6A097-1112-436A-B734-7AD9F7FB522D}"
	ProjectSection(SolutionItems) = preProject
		.nuget\NuGet.Config = .nuget\NuGet.Config
		.nuget\NuGet.exe = .nuget\NuGet.exe
		.nuget\NuGet.targets = .nuget\NuGet.targets
	EndProjectSection
EndProject
Project("{FAE04EC0-301F-11D3-BF4B-00C04F79EFBC}") = "WS.App.Internet", "WS.App.Internet\WS.App.Internet.csproj", "{8BCC4BA7-A868-4AA8-80C8-6C0B56995E5A}"
EndProject
Project("{FAE04EC0-301F-11D3-BF4B-00C04F79EFBC}") = "WS.App.Intranet", "WS.App.Intranet\WS.App.Intranet.csproj", "{3CD96C64-96C4-4153-8BBF-5ABB86E851DB}"
EndProject
Project("{FAE04EC0-301F-11D3-BF4B-00C04F79EFBC}") = "AS.App.Intranet", "AS.App.Intranet\AS.App.Intranet.csproj", "{DFF7C21B-D6A4-4C0A-AC83-0B9D6861A07A}"
EndProject
Project("{FAE04EC0-301F-11D3-BF4B-00C04F79EFBC}") = "WS.API", "WS.API\WS.API.csproj", "{D590C1BC-B1A6-41D2-9C5F-26F0249F43B1}"
EndProject
Project("{FAE04EC0-301F-11D3-BF4B-00C04F79EFBC}") = "WS.SecureAPI", "WS.SecureAPI\WS.SecureAPI.csproj", "{ED733869-5139-4261-8E0D-D34299E6E41B}"
EndProject
Project("{FAE04EC0-301F-11D3-BF4B-00C04F79EFBC}") = "AS.App.PassportAddOn", "AS.App.PassportAddOn\AS.App.PassportAddOn.csproj", "{FC2D47DF-B824-4072-B746-459692D41D1B}"
EndProject
Project("{FAE04EC0-301F-11D3-BF4B-00C04F79EFBC}") = "AS.API", "AS.API\AS.API.csproj", "{774685F0-BB21-4DD2-A371-FDD07E271A87}"
EndProject
Project("{FAE04EC0-301F-11D3-BF4B-00C04F79EFBC}") = "WS.App.VAPSInventory", "WS.App.VAPSInventory\WS.App.VAPSInventory.csproj", "{079044A0-A821-4E63-9199-EDFA932A2571}"
EndProject
Project("{FAE04EC0-301F-11D3-BF4B-00C04F79EFBC}") = "WS20.Framework", "WS20.Framework\WS20.Framework.csproj", "{F28629F8-99EB-4A5C-B414-08EA007C9999}"
EndProject
Project("{FAE04EC0-301F-11D3-BF4B-00C04F79EFBC}") = "WS20.PIP", "WS20.PIP\WS20.PIP.csproj", "{32BA33BF-184C-4748-8844-D3F89A5B17E1}"
EndProject
Project("{FAE04EC0-301F-11D3-BF4B-00C04F79EFBC}") = "WS20.CCT", "WS20.CCT\WS20.CCT.csproj", "{A58E1CF3-46BF-460D-9FF9-7A575D60AA5E}"
EndProject
Project("{FAE04EC0-301F-11D3-BF4B-00C04F79EFBC}") = "WS20.SafetyAudit", "WS20.SafetyAudit\WS20.SafetyAudit.csproj", "{4CEDFF28-45D8-4102-A1F1-24908C44F987}"
EndProject
Global
	GlobalSection(SolutionConfigurationPlatforms) = preSolution
		Debug|Any CPU = Debug|Any CPU
		Debug|Mixed Platforms = Debug|Mixed Platforms
		Debug|x86 = Debug|x86
		Dev|Any CPU = Dev|Any CPU
		Dev|Mixed Platforms = Dev|Mixed Platforms
		Dev|x86 = Dev|x86
		Prod|Any CPU = Prod|Any CPU
		Prod|Mixed Platforms = Prod|Mixed Platforms
		Prod|x86 = Prod|x86
		QA|Any CPU = QA|Any CPU
		QA|Mixed Platforms = QA|Mixed Platforms
		QA|x86 = QA|x86
		Release|Any CPU = Release|Any CPU
		Release|Mixed Platforms = Release|Mixed Platforms
		Release|x86 = Release|x86
	EndGlobalSection
	GlobalSection(ProjectConfigurationPlatforms) = postSolution
		{8302D74B-6041-47CA-AF5C-7C74CCCC7683}.Debug|Any CPU.ActiveCfg = Debug|Any CPU
		{8302D74B-6041-47CA-AF5C-7C74CCCC7683}.Debug|Any CPU.Build.0 = Debug|Any CPU
		{8302D74B-6041-47CA-AF5C-7C74CCCC7683}.Debug|Mixed Platforms.ActiveCfg = Debug|Any CPU
		{8302D74B-6041-47CA-AF5C-7C74CCCC7683}.Debug|Mixed Platforms.Build.0 = Debug|Any CPU
		{8302D74B-6041-47CA-AF5C-7C74CCCC7683}.Debug|x86.ActiveCfg = Debug|Any CPU
		{8302D74B-6041-47CA-AF5C-7C74CCCC7683}.Dev|Any CPU.ActiveCfg = Dev|Any CPU
		{8302D74B-6041-47CA-AF5C-7C74CCCC7683}.Dev|Any CPU.Build.0 = Dev|Any CPU
		{8302D74B-6041-47CA-AF5C-7C74CCCC7683}.Dev|Mixed Platforms.ActiveCfg = Dev|Any CPU
		{8302D74B-6041-47CA-AF5C-7C74CCCC7683}.Dev|Mixed Platforms.Build.0 = Dev|Any CPU
		{8302D74B-6041-47CA-AF5C-7C74CCCC7683}.Dev|x86.ActiveCfg = Dev|Any CPU
		{8302D74B-6041-47CA-AF5C-7C74CCCC7683}.Prod|Any CPU.ActiveCfg = Dev|Any CPU
		{8302D74B-6041-47CA-AF5C-7C74CCCC7683}.Prod|Any CPU.Build.0 = Dev|Any CPU
		{8302D74B-6041-47CA-AF5C-7C74CCCC7683}.Prod|Any CPU.Deploy.0 = Dev|Any CPU
		{8302D74B-6041-47CA-AF5C-7C74CCCC7683}.Prod|Mixed Platforms.ActiveCfg = Prod|Any CPU
		{8302D74B-6041-47CA-AF5C-7C74CCCC7683}.Prod|Mixed Platforms.Build.0 = Prod|Any CPU
		{8302D74B-6041-47CA-AF5C-7C74CCCC7683}.Prod|x86.ActiveCfg = Prod|Any CPU
		{8302D74B-6041-47CA-AF5C-7C74CCCC7683}.QA|Any CPU.ActiveCfg = QA|Any CPU
		{8302D74B-6041-47CA-AF5C-7C74CCCC7683}.QA|Any CPU.Build.0 = QA|Any CPU
		{8302D74B-6041-47CA-AF5C-7C74CCCC7683}.QA|Mixed Platforms.ActiveCfg = QA|Any CPU
		{8302D74B-6041-47CA-AF5C-7C74CCCC7683}.QA|Mixed Platforms.Build.0 = QA|Any CPU
		{8302D74B-6041-47CA-AF5C-7C74CCCC7683}.QA|x86.ActiveCfg = QA|Any CPU
		{8302D74B-6041-47CA-AF5C-7C74CCCC7683}.Release|Any CPU.ActiveCfg = QA|Any CPU
		{8302D74B-6041-47CA-AF5C-7C74CCCC7683}.Release|Any CPU.Build.0 = QA|Any CPU
		{8302D74B-6041-47CA-AF5C-7C74CCCC7683}.Release|Mixed Platforms.ActiveCfg = QA|Any CPU
		{8302D74B-6041-47CA-AF5C-7C74CCCC7683}.Release|Mixed Platforms.Build.0 = QA|Any CPU
		{8302D74B-6041-47CA-AF5C-7C74CCCC7683}.Release|x86.ActiveCfg = QA|Any CPU
		{8BCC4BA7-A868-4AA8-80C8-6C0B56995E5A}.Debug|Any CPU.ActiveCfg = Debug|Any CPU
		{8BCC4BA7-A868-4AA8-80C8-6C0B56995E5A}.Debug|Any CPU.Build.0 = Debug|Any CPU
		{8BCC4BA7-A868-4AA8-80C8-6C0B56995E5A}.Debug|Mixed Platforms.ActiveCfg = Debug|Any CPU
		{8BCC4BA7-A868-4AA8-80C8-6C0B56995E5A}.Debug|Mixed Platforms.Build.0 = Debug|Any CPU
		{8BCC4BA7-A868-4AA8-80C8-6C0B56995E5A}.Debug|x86.ActiveCfg = Debug|Any CPU
		{8BCC4BA7-A868-4AA8-80C8-6C0B56995E5A}.Dev|Any CPU.ActiveCfg = Dev|Any CPU
		{8BCC4BA7-A868-4AA8-80C8-6C0B56995E5A}.Dev|Any CPU.Build.0 = Dev|Any CPU
		{8BCC4BA7-A868-4AA8-80C8-6C0B56995E5A}.Dev|Mixed Platforms.ActiveCfg = Dev|Any CPU
		{8BCC4BA7-A868-4AA8-80C8-6C0B56995E5A}.Dev|Mixed Platforms.Build.0 = Dev|Any CPU
		{8BCC4BA7-A868-4AA8-80C8-6C0B56995E5A}.Dev|x86.ActiveCfg = Dev|Any CPU
		{8BCC4BA7-A868-4AA8-80C8-6C0B56995E5A}.Prod|Any CPU.ActiveCfg = QA|Any CPU
		{8BCC4BA7-A868-4AA8-80C8-6C0B56995E5A}.Prod|Any CPU.Build.0 = QA|Any CPU
		{8BCC4BA7-A868-4AA8-80C8-6C0B56995E5A}.Prod|Mixed Platforms.ActiveCfg = Prod|Any CPU
		{8BCC4BA7-A868-4AA8-80C8-6C0B56995E5A}.Prod|Mixed Platforms.Build.0 = Prod|Any CPU
		{8BCC4BA7-A868-4AA8-80C8-6C0B56995E5A}.Prod|x86.ActiveCfg = Prod|Any CPU
		{8BCC4BA7-A868-4AA8-80C8-6C0B56995E5A}.QA|Any CPU.ActiveCfg = QA|Any CPU
		{8BCC4BA7-A868-4AA8-80C8-6C0B56995E5A}.QA|Any CPU.Build.0 = QA|Any CPU
		{8BCC4BA7-A868-4AA8-80C8-6C0B56995E5A}.QA|Mixed Platforms.ActiveCfg = QA|Any CPU
		{8BCC4BA7-A868-4AA8-80C8-6C0B56995E5A}.QA|Mixed Platforms.Build.0 = QA|Any CPU
		{8BCC4BA7-A868-4AA8-80C8-6C0B56995E5A}.QA|x86.ActiveCfg = QA|Any CPU
		{8BCC4BA7-A868-4AA8-80C8-6C0B56995E5A}.Release|Any CPU.ActiveCfg = Release|Any CPU
		{8BCC4BA7-A868-4AA8-80C8-6C0B56995E5A}.Release|Any CPU.Build.0 = Release|Any CPU
		{8BCC4BA7-A868-4AA8-80C8-6C0B56995E5A}.Release|Mixed Platforms.ActiveCfg = Release|Any CPU
		{8BCC4BA7-A868-4AA8-80C8-6C0B56995E5A}.Release|Mixed Platforms.Build.0 = Release|Any CPU
		{8BCC4BA7-A868-4AA8-80C8-6C0B56995E5A}.Release|x86.ActiveCfg = Release|Any CPU
		{3CD96C64-96C4-4153-8BBF-5ABB86E851DB}.Debug|Any CPU.ActiveCfg = Debug|Any CPU
		{3CD96C64-96C4-4153-8BBF-5ABB86E851DB}.Debug|Any CPU.Build.0 = Debug|Any CPU
		{3CD96C64-96C4-4153-8BBF-5ABB86E851DB}.Debug|Mixed Platforms.ActiveCfg = Debug|Any CPU
		{3CD96C64-96C4-4153-8BBF-5ABB86E851DB}.Debug|Mixed Platforms.Build.0 = Debug|Any CPU
		{3CD96C64-96C4-4153-8BBF-5ABB86E851DB}.Debug|x86.ActiveCfg = Debug|Any CPU
		{3CD96C64-96C4-4153-8BBF-5ABB86E851DB}.Dev|Any CPU.ActiveCfg = Dev|Any CPU
		{3CD96C64-96C4-4153-8BBF-5ABB86E851DB}.Dev|Any CPU.Build.0 = Dev|Any CPU
		{3CD96C64-96C4-4153-8BBF-5ABB86E851DB}.Dev|Mixed Platforms.ActiveCfg = Dev|Any CPU
		{3CD96C64-96C4-4153-8BBF-5ABB86E851DB}.Dev|Mixed Platforms.Build.0 = Dev|Any CPU
		{3CD96C64-96C4-4153-8BBF-5ABB86E851DB}.Dev|x86.ActiveCfg = Dev|Any CPU
		{3CD96C64-96C4-4153-8BBF-5ABB86E851DB}.Prod|Any CPU.ActiveCfg = QA|Any CPU
		{3CD96C64-96C4-4153-8BBF-5ABB86E851DB}.Prod|Any CPU.Build.0 = QA|Any CPU
		{3CD96C64-96C4-4153-8BBF-5ABB86E851DB}.Prod|Mixed Platforms.ActiveCfg = Prod|Any CPU
		{3CD96C64-96C4-4153-8BBF-5ABB86E851DB}.Prod|Mixed Platforms.Build.0 = Prod|Any CPU
		{3CD96C64-96C4-4153-8BBF-5ABB86E851DB}.Prod|x86.ActiveCfg = Prod|Any CPU
		{3CD96C64-96C4-4153-8BBF-5ABB86E851DB}.QA|Any CPU.ActiveCfg = QA|Any CPU
		{3CD96C64-96C4-4153-8BBF-5ABB86E851DB}.QA|Any CPU.Build.0 = QA|Any CPU
		{3CD96C64-96C4-4153-8BBF-5ABB86E851DB}.QA|Mixed Platforms.ActiveCfg = QA|Any CPU
		{3CD96C64-96C4-4153-8BBF-5ABB86E851DB}.QA|Mixed Platforms.Build.0 = QA|Any CPU
		{3CD96C64-96C4-4153-8BBF-5ABB86E851DB}.QA|x86.ActiveCfg = QA|Any CPU
		{3CD96C64-96C4-4153-8BBF-5ABB86E851DB}.Release|Any CPU.ActiveCfg = Release|Any CPU
		{3CD96C64-96C4-4153-8BBF-5ABB86E851DB}.Release|Any CPU.Build.0 = Release|Any CPU
		{3CD96C64-96C4-4153-8BBF-5ABB86E851DB}.Release|Mixed Platforms.ActiveCfg = Release|Any CPU
		{3CD96C64-96C4-4153-8BBF-5ABB86E851DB}.Release|Mixed Platforms.Build.0 = Release|Any CPU
		{3CD96C64-96C4-4153-8BBF-5ABB86E851DB}.Release|x86.ActiveCfg = Release|Any CPU
		{DFF7C21B-D6A4-4C0A-AC83-0B9D6861A07A}.Debug|Any CPU.ActiveCfg = Debug|Any CPU
		{DFF7C21B-D6A4-4C0A-AC83-0B9D6861A07A}.Debug|Any CPU.Build.0 = Debug|Any CPU
		{DFF7C21B-D6A4-4C0A-AC83-0B9D6861A07A}.Debug|Mixed Platforms.ActiveCfg = Debug|Any CPU
		{DFF7C21B-D6A4-4C0A-AC83-0B9D6861A07A}.Debug|Mixed Platforms.Build.0 = Debug|Any CPU
		{DFF7C21B-D6A4-4C0A-AC83-0B9D6861A07A}.Debug|x86.ActiveCfg = Debug|Any CPU
		{DFF7C21B-D6A4-4C0A-AC83-0B9D6861A07A}.Dev|Any CPU.ActiveCfg = Dev|Any CPU
		{DFF7C21B-D6A4-4C0A-AC83-0B9D6861A07A}.Dev|Any CPU.Build.0 = Dev|Any CPU
		{DFF7C21B-D6A4-4C0A-AC83-0B9D6861A07A}.Dev|Mixed Platforms.ActiveCfg = Dev|Any CPU
		{DFF7C21B-D6A4-4C0A-AC83-0B9D6861A07A}.Dev|Mixed Platforms.Build.0 = Dev|Any CPU
		{DFF7C21B-D6A4-4C0A-AC83-0B9D6861A07A}.Dev|x86.ActiveCfg = Dev|Any CPU
		{DFF7C21B-D6A4-4C0A-AC83-0B9D6861A07A}.Prod|Any CPU.ActiveCfg = QA|Any CPU
		{DFF7C21B-D6A4-4C0A-AC83-0B9D6861A07A}.Prod|Any CPU.Build.0 = QA|Any CPU
		{DFF7C21B-D6A4-4C0A-AC83-0B9D6861A07A}.Prod|Mixed Platforms.ActiveCfg = Prod|Any CPU
		{DFF7C21B-D6A4-4C0A-AC83-0B9D6861A07A}.Prod|Mixed Platforms.Build.0 = Prod|Any CPU
		{DFF7C21B-D6A4-4C0A-AC83-0B9D6861A07A}.Prod|x86.ActiveCfg = Prod|Any CPU
		{DFF7C21B-D6A4-4C0A-AC83-0B9D6861A07A}.QA|Any CPU.ActiveCfg = QA|Any CPU
		{DFF7C21B-D6A4-4C0A-AC83-0B9D6861A07A}.QA|Any CPU.Build.0 = QA|Any CPU
		{DFF7C21B-D6A4-4C0A-AC83-0B9D6861A07A}.QA|Mixed Platforms.ActiveCfg = QA|Any CPU
		{DFF7C21B-D6A4-4C0A-AC83-0B9D6861A07A}.QA|Mixed Platforms.Build.0 = QA|Any CPU
		{DFF7C21B-D6A4-4C0A-AC83-0B9D6861A07A}.QA|x86.ActiveCfg = QA|Any CPU
		{DFF7C21B-D6A4-4C0A-AC83-0B9D6861A07A}.Release|Any CPU.ActiveCfg = Release|Any CPU
		{DFF7C21B-D6A4-4C0A-AC83-0B9D6861A07A}.Release|Any CPU.Build.0 = Release|Any CPU
		{DFF7C21B-D6A4-4C0A-AC83-0B9D6861A07A}.Release|Mixed Platforms.ActiveCfg = Release|Any CPU
		{DFF7C21B-D6A4-4C0A-AC83-0B9D6861A07A}.Release|Mixed Platforms.Build.0 = Release|Any CPU
		{DFF7C21B-D6A4-4C0A-AC83-0B9D6861A07A}.Release|x86.ActiveCfg = Release|Any CPU
		{D590C1BC-B1A6-41D2-9C5F-26F0249F43B1}.Debug|Any CPU.ActiveCfg = Debug|Any CPU
		{D590C1BC-B1A6-41D2-9C5F-26F0249F43B1}.Debug|Any CPU.Build.0 = Debug|Any CPU
		{D590C1BC-B1A6-41D2-9C5F-26F0249F43B1}.Debug|Mixed Platforms.ActiveCfg = Debug|Any CPU
		{D590C1BC-B1A6-41D2-9C5F-26F0249F43B1}.Debug|Mixed Platforms.Build.0 = Debug|Any CPU
		{D590C1BC-B1A6-41D2-9C5F-26F0249F43B1}.Debug|x86.ActiveCfg = Debug|Any CPU
		{D590C1BC-B1A6-41D2-9C5F-26F0249F43B1}.Dev|Any CPU.ActiveCfg = Dev|Any CPU
		{D590C1BC-B1A6-41D2-9C5F-26F0249F43B1}.Dev|Any CPU.Build.0 = Dev|Any CPU
		{D590C1BC-B1A6-41D2-9C5F-26F0249F43B1}.Dev|Mixed Platforms.ActiveCfg = Dev|Any CPU
		{D590C1BC-B1A6-41D2-9C5F-26F0249F43B1}.Dev|Mixed Platforms.Build.0 = Dev|Any CPU
		{D590C1BC-B1A6-41D2-9C5F-26F0249F43B1}.Dev|x86.ActiveCfg = Dev|Any CPU
		{D590C1BC-B1A6-41D2-9C5F-26F0249F43B1}.Prod|Any CPU.ActiveCfg = QA|Any CPU
		{D590C1BC-B1A6-41D2-9C5F-26F0249F43B1}.Prod|Any CPU.Build.0 = QA|Any CPU
		{D590C1BC-B1A6-41D2-9C5F-26F0249F43B1}.Prod|Mixed Platforms.ActiveCfg = Prod|Any CPU
		{D590C1BC-B1A6-41D2-9C5F-26F0249F43B1}.Prod|Mixed Platforms.Build.0 = Prod|Any CPU
		{D590C1BC-B1A6-41D2-9C5F-26F0249F43B1}.Prod|x86.ActiveCfg = Prod|Any CPU
		{D590C1BC-B1A6-41D2-9C5F-26F0249F43B1}.QA|Any CPU.ActiveCfg = QA|Any CPU
		{D590C1BC-B1A6-41D2-9C5F-26F0249F43B1}.QA|Any CPU.Build.0 = QA|Any CPU
		{D590C1BC-B1A6-41D2-9C5F-26F0249F43B1}.QA|Mixed Platforms.ActiveCfg = QA|Any CPU
		{D590C1BC-B1A6-41D2-9C5F-26F0249F43B1}.QA|Mixed Platforms.Build.0 = QA|Any CPU
		{D590C1BC-B1A6-41D2-9C5F-26F0249F43B1}.QA|x86.ActiveCfg = QA|Any CPU
		{D590C1BC-B1A6-41D2-9C5F-26F0249F43B1}.Release|Any CPU.ActiveCfg = Release|Any CPU
		{D590C1BC-B1A6-41D2-9C5F-26F0249F43B1}.Release|Any CPU.Build.0 = Release|Any CPU
		{D590C1BC-B1A6-41D2-9C5F-26F0249F43B1}.Release|Mixed Platforms.ActiveCfg = Release|Any CPU
		{D590C1BC-B1A6-41D2-9C5F-26F0249F43B1}.Release|Mixed Platforms.Build.0 = Release|Any CPU
		{D590C1BC-B1A6-41D2-9C5F-26F0249F43B1}.Release|x86.ActiveCfg = Release|Any CPU
		{ED733869-5139-4261-8E0D-D34299E6E41B}.Debug|Any CPU.ActiveCfg = Debug|Any CPU
		{ED733869-5139-4261-8E0D-D34299E6E41B}.Debug|Any CPU.Build.0 = Debug|Any CPU
		{ED733869-5139-4261-8E0D-D34299E6E41B}.Debug|Mixed Platforms.ActiveCfg = Debug|Any CPU
		{ED733869-5139-4261-8E0D-D34299E6E41B}.Debug|Mixed Platforms.Build.0 = Debug|Any CPU
		{ED733869-5139-4261-8E0D-D34299E6E41B}.Debug|x86.ActiveCfg = Debug|Any CPU
		{ED733869-5139-4261-8E0D-D34299E6E41B}.Dev|Any CPU.ActiveCfg = Dev|Any CPU
		{ED733869-5139-4261-8E0D-D34299E6E41B}.Dev|Any CPU.Build.0 = Dev|Any CPU
		{ED733869-5139-4261-8E0D-D34299E6E41B}.Dev|Mixed Platforms.ActiveCfg = Dev|Any CPU
		{ED733869-5139-4261-8E0D-D34299E6E41B}.Dev|Mixed Platforms.Build.0 = Dev|Any CPU
		{ED733869-5139-4261-8E0D-D34299E6E41B}.Dev|x86.ActiveCfg = Dev|Any CPU
		{ED733869-5139-4261-8E0D-D34299E6E41B}.Prod|Any CPU.ActiveCfg = QA|Any CPU
		{ED733869-5139-4261-8E0D-D34299E6E41B}.Prod|Any CPU.Build.0 = QA|Any CPU
		{ED733869-5139-4261-8E0D-D34299E6E41B}.Prod|Mixed Platforms.ActiveCfg = Prod|Any CPU
		{ED733869-5139-4261-8E0D-D34299E6E41B}.Prod|Mixed Platforms.Build.0 = Prod|Any CPU
		{ED733869-5139-4261-8E0D-D34299E6E41B}.Prod|x86.ActiveCfg = Prod|Any CPU
		{ED733869-5139-4261-8E0D-D34299E6E41B}.QA|Any CPU.ActiveCfg = QA|Any CPU
		{ED733869-5139-4261-8E0D-D34299E6E41B}.QA|Any CPU.Build.0 = QA|Any CPU
		{ED733869-5139-4261-8E0D-D34299E6E41B}.QA|Mixed Platforms.ActiveCfg = QA|Any CPU
		{ED733869-5139-4261-8E0D-D34299E6E41B}.QA|Mixed Platforms.Build.0 = QA|Any CPU
		{ED733869-5139-4261-8E0D-D34299E6E41B}.QA|x86.ActiveCfg = QA|Any CPU
		{ED733869-5139-4261-8E0D-D34299E6E41B}.Release|Any CPU.ActiveCfg = Release|Any CPU
		{ED733869-5139-4261-8E0D-D34299E6E41B}.Release|Any CPU.Build.0 = Release|Any CPU
		{ED733869-5139-4261-8E0D-D34299E6E41B}.Release|Mixed Platforms.ActiveCfg = Release|Any CPU
		{ED733869-5139-4261-8E0D-D34299E6E41B}.Release|Mixed Platforms.Build.0 = Release|Any CPU
		{ED733869-5139-4261-8E0D-D34299E6E41B}.Release|x86.ActiveCfg = Release|Any CPU
		{FC2D47DF-B824-4072-B746-459692D41D1B}.Debug|Any CPU.ActiveCfg = Debug|Any CPU
		{FC2D47DF-B824-4072-B746-459692D41D1B}.Debug|Any CPU.Build.0 = Debug|Any CPU
		{FC2D47DF-B824-4072-B746-459692D41D1B}.Debug|Mixed Platforms.ActiveCfg = Debug|Any CPU
		{FC2D47DF-B824-4072-B746-459692D41D1B}.Debug|Mixed Platforms.Build.0 = Debug|Any CPU
		{FC2D47DF-B824-4072-B746-459692D41D1B}.Debug|x86.ActiveCfg = Debug|Any CPU
		{FC2D47DF-B824-4072-B746-459692D41D1B}.Dev|Any CPU.ActiveCfg = Dev|Any CPU
		{FC2D47DF-B824-4072-B746-459692D41D1B}.Dev|Any CPU.Build.0 = Dev|Any CPU
		{FC2D47DF-B824-4072-B746-459692D41D1B}.Dev|Mixed Platforms.ActiveCfg = Dev|Any CPU
		{FC2D47DF-B824-4072-B746-459692D41D1B}.Dev|Mixed Platforms.Build.0 = Dev|Any CPU
		{FC2D47DF-B824-4072-B746-459692D41D1B}.Dev|x86.ActiveCfg = Dev|Any CPU
		{FC2D47DF-B824-4072-B746-459692D41D1B}.Prod|Any CPU.ActiveCfg = Dev|Any CPU
		{FC2D47DF-B824-4072-B746-459692D41D1B}.Prod|Any CPU.Build.0 = Dev|Any CPU
		{FC2D47DF-B824-4072-B746-459692D41D1B}.Prod|Mixed Platforms.ActiveCfg = Dev|Any CPU
		{FC2D47DF-B824-4072-B746-459692D41D1B}.Prod|Mixed Platforms.Build.0 = Dev|Any CPU
		{FC2D47DF-B824-4072-B746-459692D41D1B}.Prod|x86.ActiveCfg = Dev|Any CPU
		{FC2D47DF-B824-4072-B746-459692D41D1B}.QA|Any CPU.ActiveCfg = QA|Any CPU
		{FC2D47DF-B824-4072-B746-459692D41D1B}.QA|Any CPU.Build.0 = QA|Any CPU
		{FC2D47DF-B824-4072-B746-459692D41D1B}.QA|Mixed Platforms.ActiveCfg = Dev|Any CPU
		{FC2D47DF-B824-4072-B746-459692D41D1B}.QA|Mixed Platforms.Build.0 = Dev|Any CPU
		{FC2D47DF-B824-4072-B746-459692D41D1B}.QA|x86.ActiveCfg = Dev|Any CPU
		{FC2D47DF-B824-4072-B746-459692D41D1B}.Release|Any CPU.ActiveCfg = Release|Any CPU
		{FC2D47DF-B824-4072-B746-459692D41D1B}.Release|Any CPU.Build.0 = Release|Any CPU
		{FC2D47DF-B824-4072-B746-459692D41D1B}.Release|Mixed Platforms.ActiveCfg = Release|Any CPU
		{FC2D47DF-B824-4072-B746-459692D41D1B}.Release|Mixed Platforms.Build.0 = Release|Any CPU
		{FC2D47DF-B824-4072-B746-459692D41D1B}.Release|x86.ActiveCfg = Release|Any CPU
		{774685F0-BB21-4DD2-A371-FDD07E271A87}.Debug|Any CPU.ActiveCfg = Debug|Any CPU
		{774685F0-BB21-4DD2-A371-FDD07E271A87}.Debug|Any CPU.Build.0 = Debug|Any CPU
		{774685F0-BB21-4DD2-A371-FDD07E271A87}.Debug|Mixed Platforms.ActiveCfg = Debug|Any CPU
		{774685F0-BB21-4DD2-A371-FDD07E271A87}.Debug|Mixed Platforms.Build.0 = Debug|Any CPU
		{774685F0-BB21-4DD2-A371-FDD07E271A87}.Debug|x86.ActiveCfg = Debug|Any CPU
		{774685F0-BB21-4DD2-A371-FDD07E271A87}.Dev|Any CPU.ActiveCfg = Debug|Any CPU
		{774685F0-BB21-4DD2-A371-FDD07E271A87}.Dev|Any CPU.Build.0 = Debug|Any CPU
		{774685F0-BB21-4DD2-A371-FDD07E271A87}.Dev|Mixed Platforms.ActiveCfg = Debug|Any CPU
		{774685F0-BB21-4DD2-A371-FDD07E271A87}.Dev|Mixed Platforms.Build.0 = Debug|Any CPU
		{774685F0-BB21-4DD2-A371-FDD07E271A87}.Dev|x86.ActiveCfg = Debug|Any CPU
		{774685F0-BB21-4DD2-A371-FDD07E271A87}.Prod|Any CPU.ActiveCfg = Debug|Any CPU
		{774685F0-BB21-4DD2-A371-FDD07E271A87}.Prod|Any CPU.Build.0 = Debug|Any CPU
		{774685F0-BB21-4DD2-A371-FDD07E271A87}.Prod|Mixed Platforms.ActiveCfg = Debug|Any CPU
		{774685F0-BB21-4DD2-A371-FDD07E271A87}.Prod|Mixed Platforms.Build.0 = Debug|Any CPU
		{774685F0-BB21-4DD2-A371-FDD07E271A87}.Prod|x86.ActiveCfg = Debug|Any CPU
		{774685F0-BB21-4DD2-A371-FDD07E271A87}.QA|Any CPU.ActiveCfg = Debug|Any CPU
		{774685F0-BB21-4DD2-A371-FDD07E271A87}.QA|Any CPU.Build.0 = Debug|Any CPU
		{774685F0-BB21-4DD2-A371-FDD07E271A87}.QA|Mixed Platforms.ActiveCfg = Debug|Any CPU
		{774685F0-BB21-4DD2-A371-FDD07E271A87}.QA|Mixed Platforms.Build.0 = Debug|Any CPU
		{774685F0-BB21-4DD2-A371-FDD07E271A87}.QA|x86.ActiveCfg = Debug|Any CPU
		{774685F0-BB21-4DD2-A371-FDD07E271A87}.Release|Any CPU.ActiveCfg = Release|Any CPU
		{774685F0-BB21-4DD2-A371-FDD07E271A87}.Release|Any CPU.Build.0 = Release|Any CPU
		{774685F0-BB21-4DD2-A371-FDD07E271A87}.Release|Mixed Platforms.ActiveCfg = Release|Any CPU
		{774685F0-BB21-4DD2-A371-FDD07E271A87}.Release|Mixed Platforms.Build.0 = Release|Any CPU
		{774685F0-BB21-4DD2-A371-FDD07E271A87}.Release|x86.ActiveCfg = Release|Any CPU
		{079044A0-A821-4E63-9199-EDFA932A2571}.Debug|Any CPU.ActiveCfg = Debug|Any CPU
		{079044A0-A821-4E63-9199-EDFA932A2571}.Debug|Any CPU.Build.0 = Debug|Any CPU
		{079044A0-A821-4E63-9199-EDFA932A2571}.Debug|Mixed Platforms.ActiveCfg = Debug|Any CPU
		{079044A0-A821-4E63-9199-EDFA932A2571}.Debug|Mixed Platforms.Build.0 = Debug|Any CPU
		{079044A0-A821-4E63-9199-EDFA932A2571}.Debug|x86.ActiveCfg = Debug|Any CPU
		{079044A0-A821-4E63-9199-EDFA932A2571}.Dev|Any CPU.ActiveCfg = Debug|Any CPU
		{079044A0-A821-4E63-9199-EDFA932A2571}.Dev|Any CPU.Build.0 = Debug|Any CPU
		{079044A0-A821-4E63-9199-EDFA932A2571}.Dev|Mixed Platforms.ActiveCfg = Debug|Any CPU
		{079044A0-A821-4E63-9199-EDFA932A2571}.Dev|Mixed Platforms.Build.0 = Debug|Any CPU
		{079044A0-A821-4E63-9199-EDFA932A2571}.Dev|x86.ActiveCfg = Debug|Any CPU
		{079044A0-A821-4E63-9199-EDFA932A2571}.Prod|Any CPU.ActiveCfg = Debug|Any CPU
		{079044A0-A821-4E63-9199-EDFA932A2571}.Prod|Any CPU.Build.0 = Debug|Any CPU
		{079044A0-A821-4E63-9199-EDFA932A2571}.Prod|Mixed Platforms.ActiveCfg = Debug|Any CPU
		{079044A0-A821-4E63-9199-EDFA932A2571}.Prod|Mixed Platforms.Build.0 = Debug|Any CPU
		{079044A0-A821-4E63-9199-EDFA932A2571}.Prod|x86.ActiveCfg = Debug|Any CPU
		{079044A0-A821-4E63-9199-EDFA932A2571}.QA|Any CPU.ActiveCfg = Debug|Any CPU
		{079044A0-A821-4E63-9199-EDFA932A2571}.QA|Any CPU.Build.0 = Debug|Any CPU
		{079044A0-A821-4E63-9199-EDFA932A2571}.QA|Mixed Platforms.ActiveCfg = Debug|Any CPU
		{079044A0-A821-4E63-9199-EDFA932A2571}.QA|Mixed Platforms.Build.0 = Debug|Any CPU
		{079044A0-A821-4E63-9199-EDFA932A2571}.QA|x86.ActiveCfg = Debug|Any CPU
		{079044A0-A821-4E63-9199-EDFA932A2571}.Release|Any CPU.ActiveCfg = Release|Any CPU
		{079044A0-A821-4E63-9199-EDFA932A2571}.Release|Any CPU.Build.0 = Release|Any CPU
		{079044A0-A821-4E63-9199-EDFA932A2571}.Release|Mixed Platforms.ActiveCfg = Release|Any CPU
		{079044A0-A821-4E63-9199-EDFA932A2571}.Release|Mixed Platforms.Build.0 = Release|Any CPU
		{079044A0-A821-4E63-9199-EDFA932A2571}.Release|x86.ActiveCfg = Release|Any CPU
		{F28629F8-99EB-4A5C-B414-08EA007C9999}.Debug|Any CPU.ActiveCfg = Debug|Any CPU
		{F28629F8-99EB-4A5C-B414-08EA007C9999}.Debug|Any CPU.Build.0 = Debug|Any CPU
		{F28629F8-99EB-4A5C-B414-08EA007C9999}.Debug|Mixed Platforms.ActiveCfg = Debug|Any CPU
		{F28629F8-99EB-4A5C-B414-08EA007C9999}.Debug|Mixed Platforms.Build.0 = Debug|Any CPU
		{F28629F8-99EB-4A5C-B414-08EA007C9999}.Debug|x86.ActiveCfg = Debug|Any CPU
		{F28629F8-99EB-4A5C-B414-08EA007C9999}.Dev|Any CPU.ActiveCfg = Debug|Any CPU
		{F28629F8-99EB-4A5C-B414-08EA007C9999}.Dev|Any CPU.Build.0 = Debug|Any CPU
		{F28629F8-99EB-4A5C-B414-08EA007C9999}.Dev|Mixed Platforms.ActiveCfg = Debug|Any CPU
		{F28629F8-99EB-4A5C-B414-08EA007C9999}.Dev|Mixed Platforms.Build.0 = Debug|Any CPU
		{F28629F8-99EB-4A5C-B414-08EA007C9999}.Dev|x86.ActiveCfg = Debug|Any CPU
		{F28629F8-99EB-4A5C-B414-08EA007C9999}.Prod|Any CPU.ActiveCfg = Debug|Any CPU
		{F28629F8-99EB-4A5C-B414-08EA007C9999}.Prod|Any CPU.Build.0 = Debug|Any CPU
		{F28629F8-99EB-4A5C-B414-08EA007C9999}.Prod|Mixed Platforms.ActiveCfg = Debug|Any CPU
		{F28629F8-99EB-4A5C-B414-08EA007C9999}.Prod|Mixed Platforms.Build.0 = Debug|Any CPU
		{F28629F8-99EB-4A5C-B414-08EA007C9999}.Prod|x86.ActiveCfg = Debug|Any CPU
		{F28629F8-99EB-4A5C-B414-08EA007C9999}.QA|Any CPU.ActiveCfg = Debug|Any CPU
		{F28629F8-99EB-4A5C-B414-08EA007C9999}.QA|Any CPU.Build.0 = Debug|Any CPU
		{F28629F8-99EB-4A5C-B414-08EA007C9999}.QA|Mixed Platforms.ActiveCfg = Debug|Any CPU
		{F28629F8-99EB-4A5C-B414-08EA007C9999}.QA|Mixed Platforms.Build.0 = Debug|Any CPU
		{F28629F8-99EB-4A5C-B414-08EA007C9999}.QA|x86.ActiveCfg = Debug|Any CPU
		{F28629F8-99EB-4A5C-B414-08EA007C9999}.Release|Any CPU.ActiveCfg = Debug|Any CPU
		{F28629F8-99EB-4A5C-B414-08EA007C9999}.Release|Any CPU.Build.0 = Debug|Any CPU
		{F28629F8-99EB-4A5C-B414-08EA007C9999}.Release|Mixed Platforms.ActiveCfg = Debug|Any CPU
		{F28629F8-99EB-4A5C-B414-08EA007C9999}.Release|Mixed Platforms.Build.0 = Debug|Any CPU
		{F28629F8-99EB-4A5C-B414-08EA007C9999}.Release|x86.ActiveCfg = Debug|Any CPU
		{32BA33BF-184C-4748-8844-D3F89A5B17E1}.Debug|Any CPU.ActiveCfg = Debug|Any CPU
		{32BA33BF-184C-4748-8844-D3F89A5B17E1}.Debug|Any CPU.Build.0 = Debug|Any CPU
		{32BA33BF-184C-4748-8844-D3F89A5B17E1}.Debug|Mixed Platforms.ActiveCfg = Debug|Any CPU
		{32BA33BF-184C-4748-8844-D3F89A5B17E1}.Debug|Mixed Platforms.Build.0 = Debug|Any CPU
		{32BA33BF-184C-4748-8844-D3F89A5B17E1}.Debug|x86.ActiveCfg = Debug|Any CPU
		{32BA33BF-184C-4748-8844-D3F89A5B17E1}.Dev|Any CPU.ActiveCfg = Dev|Any CPU
		{32BA33BF-184C-4748-8844-D3F89A5B17E1}.Dev|Any CPU.Build.0 = Dev|Any CPU
		{32BA33BF-184C-4748-8844-D3F89A5B17E1}.Dev|Mixed Platforms.ActiveCfg = Dev|Any CPU
		{32BA33BF-184C-4748-8844-D3F89A5B17E1}.Dev|Mixed Platforms.Build.0 = Dev|Any CPU
		{32BA33BF-184C-4748-8844-D3F89A5B17E1}.Dev|x86.ActiveCfg = Dev|Any CPU
		{32BA33BF-184C-4748-8844-D3F89A5B17E1}.Prod|Any CPU.ActiveCfg = Prod|Any CPU
		{32BA33BF-184C-4748-8844-D3F89A5B17E1}.Prod|Any CPU.Build.0 = Prod|Any CPU
		{32BA33BF-184C-4748-8844-D3F89A5B17E1}.Prod|Mixed Platforms.ActiveCfg = Prod|Any CPU
		{32BA33BF-184C-4748-8844-D3F89A5B17E1}.Prod|Mixed Platforms.Build.0 = Prod|Any CPU
		{32BA33BF-184C-4748-8844-D3F89A5B17E1}.Prod|x86.ActiveCfg = Prod|Any CPU
		{32BA33BF-184C-4748-8844-D3F89A5B17E1}.QA|Any CPU.ActiveCfg = QA|Any CPU
		{32BA33BF-184C-4748-8844-D3F89A5B17E1}.QA|Any CPU.Build.0 = QA|Any CPU
		{32BA33BF-184C-4748-8844-D3F89A5B17E1}.QA|Mixed Platforms.ActiveCfg = QA|Any CPU
		{32BA33BF-184C-4748-8844-D3F89A5B17E1}.QA|Mixed Platforms.Build.0 = QA|Any CPU
		{32BA33BF-184C-4748-8844-D3F89A5B17E1}.QA|x86.ActiveCfg = QA|Any CPU
		{32BA33BF-184C-4748-8844-D3F89A5B17E1}.Release|Any CPU.ActiveCfg = Release|Any CPU
		{32BA33BF-184C-4748-8844-D3F89A5B17E1}.Release|Any CPU.Build.0 = Release|Any CPU
		{32BA33BF-184C-4748-8844-D3F89A5B17E1}.Release|Mixed Platforms.ActiveCfg = Release|Any CPU
		{32BA33BF-184C-4748-8844-D3F89A5B17E1}.Release|Mixed Platforms.Build.0 = Release|Any CPU
		{32BA33BF-184C-4748-8844-D3F89A5B17E1}.Release|x86.ActiveCfg = Release|Any CPU
		{A58E1CF3-46BF-460D-9FF9-7A575D60AA5E}.Debug|Any CPU.ActiveCfg = Debug|Any CPU
		{A58E1CF3-46BF-460D-9FF9-7A575D60AA5E}.Debug|Any CPU.Build.0 = Debug|Any CPU
		{A58E1CF3-46BF-460D-9FF9-7A575D60AA5E}.Debug|Mixed Platforms.ActiveCfg = QA|Any CPU
		{A58E1CF3-46BF-460D-9FF9-7A575D60AA5E}.Debug|Mixed Platforms.Build.0 = QA|Any CPU
		{A58E1CF3-46BF-460D-9FF9-7A575D60AA5E}.Debug|x86.ActiveCfg = Debug|Any CPU
		{A58E1CF3-46BF-460D-9FF9-7A575D60AA5E}.Dev|Any CPU.ActiveCfg = Debug|Any CPU
		{A58E1CF3-46BF-460D-9FF9-7A575D60AA5E}.Dev|Any CPU.Build.0 = Debug|Any CPU
		{A58E1CF3-46BF-460D-9FF9-7A575D60AA5E}.Dev|Mixed Platforms.ActiveCfg = Debug|Any CPU
		{A58E1CF3-46BF-460D-9FF9-7A575D60AA5E}.Dev|Mixed Platforms.Build.0 = Debug|Any CPU
		{A58E1CF3-46BF-460D-9FF9-7A575D60AA5E}.Dev|x86.ActiveCfg = Debug|Any CPU
		{A58E1CF3-46BF-460D-9FF9-7A575D60AA5E}.Prod|Any CPU.ActiveCfg = Prod|Any CPU
		{A58E1CF3-46BF-460D-9FF9-7A575D60AA5E}.Prod|Any CPU.Build.0 = Prod|Any CPU
		{A58E1CF3-46BF-460D-9FF9-7A575D60AA5E}.Prod|Mixed Platforms.ActiveCfg = Prod|Any CPU
		{A58E1CF3-46BF-460D-9FF9-7A575D60AA5E}.Prod|Mixed Platforms.Build.0 = Prod|Any CPU
		{A58E1CF3-46BF-460D-9FF9-7A575D60AA5E}.Prod|x86.ActiveCfg = Prod|Any CPU
		{A58E1CF3-46BF-460D-9FF9-7A575D60AA5E}.QA|Any CPU.ActiveCfg = QA|Any CPU
		{A58E1CF3-46BF-460D-9FF9-7A575D60AA5E}.QA|Any CPU.Build.0 = QA|Any CPU
		{A58E1CF3-46BF-460D-9FF9-7A575D60AA5E}.QA|Mixed Platforms.ActiveCfg = QA|Any CPU
		{A58E1CF3-46BF-460D-9FF9-7A575D60AA5E}.QA|Mixed Platforms.Build.0 = QA|Any CPU
		{A58E1CF3-46BF-460D-9FF9-7A575D60AA5E}.QA|x86.ActiveCfg = QA|Any CPU
		{A58E1CF3-46BF-460D-9FF9-7A575D60AA5E}.Release|Any CPU.ActiveCfg = Prod|Any CPU
		{A58E1CF3-46BF-460D-9FF9-7A575D60AA5E}.Release|Any CPU.Build.0 = Prod|Any CPU
		{A58E1CF3-46BF-460D-9FF9-7A575D60AA5E}.Release|Mixed Platforms.ActiveCfg = Prod|Any CPU
		{A58E1CF3-46BF-460D-9FF9-7A575D60AA5E}.Release|Mixed Platforms.Build.0 = Prod|Any CPU
		{A58E1CF3-46BF-460D-9FF9-7A575D60AA5E}.Release|x86.ActiveCfg = Prod|Any CPU
		{4CEDFF28-45D8-4102-A1F1-24908C44F987}.Debug|Any CPU.ActiveCfg = Debug|Any CPU
		{4CEDFF28-45D8-4102-A1F1-24908C44F987}.Debug|Any CPU.Build.0 = Debug|Any CPU
		{4CEDFF28-45D8-4102-A1F1-24908C44F987}.Debug|Mixed Platforms.ActiveCfg = Debug|Any CPU
		{4CEDFF28-45D8-4102-A1F1-24908C44F987}.Debug|Mixed Platforms.Build.0 = Debug|Any CPU
		{4CEDFF28-45D8-4102-A1F1-24908C44F987}.Debug|x86.ActiveCfg = Debug|Any CPU
		{4CEDFF28-45D8-4102-A1F1-24908C44F987}.Dev|Any CPU.ActiveCfg = Debug|Any CPU
		{4CEDFF28-45D8-4102-A1F1-24908C44F987}.Dev|Any CPU.Build.0 = Debug|Any CPU
		{4CEDFF28-45D8-4102-A1F1-24908C44F987}.Dev|Mixed Platforms.ActiveCfg = Debug|Any CPU
		{4CEDFF28-45D8-4102-A1F1-24908C44F987}.Dev|Mixed Platforms.Build.0 = Debug|Any CPU
		{4CEDFF28-45D8-4102-A1F1-24908C44F987}.Dev|x86.ActiveCfg = Debug|Any CPU
		{4CEDFF28-45D8-4102-A1F1-24908C44F987}.Prod|Any CPU.ActiveCfg = Release|Any CPU
		{4CEDFF28-45D8-4102-A1F1-24908C44F987}.Prod|Any CPU.Build.0 = Release|Any CPU
		{4CEDFF28-45D8-4102-A1F1-24908C44F987}.Prod|Mixed Platforms.ActiveCfg = Release|Any CPU
		{4CEDFF28-45D8-4102-A1F1-24908C44F987}.Prod|Mixed Platforms.Build.0 = Release|Any CPU
		{4CEDFF28-45D8-4102-A1F1-24908C44F987}.Prod|x86.ActiveCfg = Release|Any CPU
		{4CEDFF28-45D8-4102-A1F1-24908C44F987}.QA|Any CPU.ActiveCfg = Release|Any CPU
		{4CEDFF28-45D8-4102-A1F1-24908C44F987}.QA|Any CPU.Build.0 = Release|Any CPU
		{4CEDFF28-45D8-4102-A1F1-24908C44F987}.QA|Mixed Platforms.ActiveCfg = Release|Any CPU
		{4CEDFF28-45D8-4102-A1F1-24908C44F987}.QA|Mixed Platforms.Build.0 = Release|Any CPU
		{4CEDFF28-45D8-4102-A1F1-24908C44F987}.QA|x86.ActiveCfg = Release|Any CPU
		{4CEDFF28-45D8-4102-A1F1-24908C44F987}.Release|Any CPU.ActiveCfg = Release|Any CPU
		{4CEDFF28-45D8-4102-A1F1-24908C44F987}.Release|Any CPU.Build.0 = Release|Any CPU
		{4CEDFF28-45D8-4102-A1F1-24908C44F987}.Release|Mixed Platforms.ActiveCfg = Release|Any CPU
		{4CEDFF28-45D8-4102-A1F1-24908C44F987}.Release|Mixed Platforms.Build.0 = Release|Any CPU
		{4CEDFF28-45D8-4102-A1F1-24908C44F987}.Release|x86.ActiveCfg = Release|Any CPU
	EndGlobalSection
	GlobalSection(SolutionProperties) = preSolution
		HideSolutionNode = FALSE
	EndGlobalSection
EndGlobal
